
Microsoft Visual Studio Solution File, Format Version 12.00
# Visual Studio 14
VisualStudioVersion = 14.0.24720.0
MinimumVisualStudioVersion = 10.0.40219.1
Project("{2150E333-8FDC-42A3-9474-1A3956D46DE8}") = "Firmware", "Firmware", "{486FFAE6-69E5-48D6-A464-8105F3F75D07}"
EndProject
Project("{2150E333-8FDC-42A3-9474-1A3956D46DE8}") = "Desktop", "Desktop", "{F1ADC331-FEF4-4048-8210-F710E348C043}"
EndProject
Project("{FAE04EC0-301F-11D3-BF4B-00C04F79EFBC}") = "ScratchDeploymentHelper", "Desktop\ScratchDeploymentHelper\ScratchDeploymentHelper.csproj", "{C97C94B1-D15D-43C0-8F31-ECE46427BFAB}"
	ProjectSection(ProjectDependencies) = postProject
		{69A17B3D-872A-4CB1-8E09-4336571452E0} = {69A17B3D-872A-4CB1-8E09-4336571452E0}
		{692BAA4C-2D0B-4315-A01F-5F9D9F2C7777} = {692BAA4C-2D0B-4315-A01F-5F9D9F2C7777}
		{19EDD3B5-E003-4076-BF35-2157A3E5BCD0} = {19EDD3B5-E003-4076-BF35-2157A3E5BCD0}
		{650622E8-FAC8-4A78-94B5-474390159EF2} = {650622E8-FAC8-4A78-94B5-474390159EF2}
		{816AD1FC-37D0-48FB-A111-F65726973D5A} = {816AD1FC-37D0-48FB-A111-F65726973D5A}
	EndProjectSection
EndProject
Project("{FAE04EC0-301F-11D3-BF4B-00C04F79EFBC}") = "BrainPadFirmataApp", "firmware\BrainPadFirmataApp\BrainPadFirmataApp.csproj", "{654A8AE7-E92F-4C6E-B333-53ED9D4C82D8}"
EndProject
Project("{FAE04EC0-301F-11D3-BF4B-00C04F79EFBC}") = "FirmataRuntime", "firmware\FirmataRuntime\FirmataRuntime.csproj", "{550FB131-D854-4431-8901-4A6F9CABEDF0}"
EndProject
Project("{FAE04EC0-301F-11D3-BF4B-00C04F79EFBC}") = "CerbuinoNetFirmataApp", "firmware\CerbuinoNetFirmataApp\CerbuinoNetFirmataApp.csproj", "{86FDF73E-9063-41E1-ABC0-44426E670E28}"
EndProject
Project("{2150E333-8FDC-42A3-9474-1A3956D46DE8}") = "Documents", "Documents", "{F6FFC199-7A79-47DF-B2CE-02FFE81181D7}"
	ProjectSection(SolutionItems) = preProject
		..\..\LICENSE = ..\..\LICENSE
		..\..\README.md = ..\..\README.md
	EndProjectSection
EndProject
Project("{FAE04EC0-301F-11D3-BF4B-00C04F79EFBC}") = "Scratch.Common", "Desktop\Scratch.Common\Scratch.Common.csproj", "{82F5725D-CCF9-4501-A0C5-9EA6725FAF00}"
EndProject
Project("{2150E333-8FDC-42A3-9474-1A3956D46DE8}") = "Cloud", "Cloud", "{53D999DC-318F-4405-B792-2BD0CBEF1082}"
EndProject
Project("{2150E333-8FDC-42A3-9474-1A3956D46DE8}") = "Dictionaries", "Dictionaries", "{4042A435-4DE7-471F-877F-7C6F2F3D9C5C}"
	ProjectSection(SolutionItems) = preProject
		Desktop\CloudResources\Dictionaries\firmware-1.0.json = Desktop\CloudResources\Dictionaries\firmware-1.0.json
		Desktop\CloudResources\Dictionaries\firmware-2.0.json = Desktop\CloudResources\Dictionaries\firmware-2.0.json
	EndProjectSection
EndProject
Project("{2150E333-8FDC-42A3-9474-1A3956D46DE8}") = "ScratchGateway", "ScratchGateway", "{25057855-BB4B-4033-862D-1AC6DFD5547B}"
EndProject
Project("{2150E333-8FDC-42A3-9474-1A3956D46DE8}") = "Extensibility", "Extensibility", "{7D7E20EA-8A4B-4CA2-A88A-7CA9DCFA0A23}"
EndProject
Project("{FAE04EC0-301F-11D3-BF4B-00C04F79EFBC}") = "Contracts", "Desktop\Extensibility\Contracts\Contracts.csproj", "{19EDD3B5-E003-4076-BF35-2157A3E5BCD0}"
EndProject
Project("{2150E333-8FDC-42A3-9474-1A3956D46DE8}") = "AddIns", "AddIns", "{C74AF6C4-2DF1-4364-85D6-F89D7BE72218}"
EndProject
Project("{FAE04EC0-301F-11D3-BF4B-00C04F79EFBC}") = "GadgeteerConfigAddIn", "Desktop\Extensibility\AddIns\GadgeteerConfigAddIn\GadgeteerConfigAddIn.csproj", "{42237208-6E42-42C9-8068-208D0EA4669C}"
EndProject
Project("{2150E333-8FDC-42A3-9474-1A3956D46DE8}") = "ScratchExtensions", "ScratchExtensions", "{BF59F43D-8F8F-4410-8DA5-BF99592DB4C0}"
	ProjectSection(SolutionItems) = preProject
		Desktop\CloudResources\ScratchExtensions\BrainPad-437.s2e = Desktop\CloudResources\ScratchExtensions\BrainPad-437.s2e
		Desktop\CloudResources\ScratchExtensions\BrainPad-438.s2e = Desktop\CloudResources\ScratchExtensions\BrainPad-438.s2e
	EndProjectSection
EndProject
Project("{FAE04EC0-301F-11D3-BF4B-00C04F79EFBC}") = "AddInSideAdapters", "Desktop\Extensibility\AddInSideAdapters\AddInSideAdapters.csproj", "{816AD1FC-37D0-48FB-A111-F65726973D5A}"
EndProject
Project("{FAE04EC0-301F-11D3-BF4B-00C04F79EFBC}") = "HostSideAdapters", "Desktop\Extensibility\HostSideAdapters\HostSideAdapters.csproj", "{650622E8-FAC8-4A78-94B5-474390159EF2}"
EndProject
Project("{FAE04EC0-301F-11D3-BF4B-00C04F79EFBC}") = "AddInView", "Desktop\Extensibility\AddInView\AddInView.csproj", "{692BAA4C-2D0B-4315-A01F-5F9D9F2C7777}"
EndProject
Project("{FAE04EC0-301F-11D3-BF4B-00C04F79EFBC}") = "HostView", "Desktop\Extensibility\HostView\HostView.csproj", "{69A17B3D-872A-4CB1-8E09-4336571452E0}"
EndProject
Project("{2150E333-8FDC-42A3-9474-1A3956D46DE8}") = "Scripts", "Scripts", "{911C0C33-CFF3-4257-93A3-455C8196AFF4}"
	ProjectSection(SolutionItems) = preProject
		Scripts\ExtensionPostBuild.ps1 = Scripts\ExtensionPostBuild.ps1
	EndProjectSection
EndProject
Project("{FAE04EC0-301F-11D3-BF4B-00C04F79EFBC}") = "BrainPadDriver-437", "Desktop\Extensibility\AddIns\BrainPadDriver-437\BrainPadDriver-437.csproj", "{DEF55A01-7471-45B0-81D3-A77EEC732F61}"
EndProject
Project("{FAE04EC0-301F-11D3-BF4B-00C04F79EFBC}") = "BrainPadDriver-438", "Desktop\Extensibility\AddIns\BrainPadDriver-438\BrainPadDriver-438.csproj", "{41D4D8F1-594C-4123-AB11-834BA0617F5A}"
EndProject
Global
	GlobalSection(SolutionConfigurationPlatforms) = preSolution
		DbgClassroom|Any CPU = DbgClassroom|Any CPU
		DbgClassroom|Mixed Platforms = DbgClassroom|Mixed Platforms
		DbgClassroom|x86 = DbgClassroom|x86
		DbgCloud|Any CPU = DbgCloud|Any CPU
		DbgCloud|Mixed Platforms = DbgCloud|Mixed Platforms
		DbgCloud|x86 = DbgCloud|x86
		Debug|Any CPU = Debug|Any CPU
		Debug|Mixed Platforms = Debug|Mixed Platforms
		Debug|x86 = Debug|x86
		RelClassroom|Any CPU = RelClassroom|Any CPU
		RelClassroom|Mixed Platforms = RelClassroom|Mixed Platforms
		RelClassroom|x86 = RelClassroom|x86
		RelCloud|Any CPU = RelCloud|Any CPU
		RelCloud|Mixed Platforms = RelCloud|Mixed Platforms
		RelCloud|x86 = RelCloud|x86
		Release|Any CPU = Release|Any CPU
		Release|Mixed Platforms = Release|Mixed Platforms
		Release|x86 = Release|x86
	EndGlobalSection
	GlobalSection(ProjectConfigurationPlatforms) = postSolution
		{C97C94B1-D15D-43C0-8F31-ECE46427BFAB}.DbgClassroom|Any CPU.ActiveCfg = DbgClassroom|Any CPU
		{C97C94B1-D15D-43C0-8F31-ECE46427BFAB}.DbgClassroom|Any CPU.Build.0 = DbgClassroom|Any CPU
		{C97C94B1-D15D-43C0-8F31-ECE46427BFAB}.DbgClassroom|Mixed Platforms.ActiveCfg = DbgClassroom|x86
		{C97C94B1-D15D-43C0-8F31-ECE46427BFAB}.DbgClassroom|Mixed Platforms.Build.0 = DbgClassroom|x86
		{C97C94B1-D15D-43C0-8F31-ECE46427BFAB}.DbgClassroom|x86.ActiveCfg = DbgClassroom|x86
		{C97C94B1-D15D-43C0-8F31-ECE46427BFAB}.DbgClassroom|x86.Build.0 = DbgClassroom|x86
		{C97C94B1-D15D-43C0-8F31-ECE46427BFAB}.DbgCloud|Any CPU.ActiveCfg = DbgCloud|Any CPU
		{C97C94B1-D15D-43C0-8F31-ECE46427BFAB}.DbgCloud|Any CPU.Build.0 = DbgCloud|Any CPU
		{C97C94B1-D15D-43C0-8F31-ECE46427BFAB}.DbgCloud|Mixed Platforms.ActiveCfg = DbgCloud|x86
		{C97C94B1-D15D-43C0-8F31-ECE46427BFAB}.DbgCloud|Mixed Platforms.Build.0 = DbgCloud|x86
		{C97C94B1-D15D-43C0-8F31-ECE46427BFAB}.DbgCloud|x86.ActiveCfg = DbgCloud|x86
		{C97C94B1-D15D-43C0-8F31-ECE46427BFAB}.DbgCloud|x86.Build.0 = DbgCloud|x86
		{C97C94B1-D15D-43C0-8F31-ECE46427BFAB}.Debug|Any CPU.ActiveCfg = Debug|Any CPU
		{C97C94B1-D15D-43C0-8F31-ECE46427BFAB}.Debug|Any CPU.Build.0 = Debug|Any CPU
		{C97C94B1-D15D-43C0-8F31-ECE46427BFAB}.Debug|Mixed Platforms.ActiveCfg = Debug|x86
		{C97C94B1-D15D-43C0-8F31-ECE46427BFAB}.Debug|Mixed Platforms.Build.0 = Debug|x86
		{C97C94B1-D15D-43C0-8F31-ECE46427BFAB}.Debug|x86.ActiveCfg = Debug|x86
		{C97C94B1-D15D-43C0-8F31-ECE46427BFAB}.Debug|x86.Build.0 = Debug|x86
		{C97C94B1-D15D-43C0-8F31-ECE46427BFAB}.RelClassroom|Any CPU.ActiveCfg = RelClassroom|Any CPU
		{C97C94B1-D15D-43C0-8F31-ECE46427BFAB}.RelClassroom|Any CPU.Build.0 = RelClassroom|Any CPU
		{C97C94B1-D15D-43C0-8F31-ECE46427BFAB}.RelClassroom|Mixed Platforms.ActiveCfg = RelClassroom|x86
		{C97C94B1-D15D-43C0-8F31-ECE46427BFAB}.RelClassroom|Mixed Platforms.Build.0 = RelClassroom|x86
		{C97C94B1-D15D-43C0-8F31-ECE46427BFAB}.RelClassroom|x86.ActiveCfg = RelClassroom|x86
		{C97C94B1-D15D-43C0-8F31-ECE46427BFAB}.RelClassroom|x86.Build.0 = RelClassroom|x86
		{C97C94B1-D15D-43C0-8F31-ECE46427BFAB}.RelCloud|Any CPU.ActiveCfg = RelCloud|Any CPU
		{C97C94B1-D15D-43C0-8F31-ECE46427BFAB}.RelCloud|Any CPU.Build.0 = RelCloud|Any CPU
		{C97C94B1-D15D-43C0-8F31-ECE46427BFAB}.RelCloud|Mixed Platforms.ActiveCfg = RelCloud|x86
		{C97C94B1-D15D-43C0-8F31-ECE46427BFAB}.RelCloud|Mixed Platforms.Build.0 = RelCloud|x86
		{C97C94B1-D15D-43C0-8F31-ECE46427BFAB}.RelCloud|x86.ActiveCfg = RelCloud|x86
		{C97C94B1-D15D-43C0-8F31-ECE46427BFAB}.RelCloud|x86.Build.0 = RelCloud|x86
		{C97C94B1-D15D-43C0-8F31-ECE46427BFAB}.Release|Any CPU.ActiveCfg = Release|Any CPU
		{C97C94B1-D15D-43C0-8F31-ECE46427BFAB}.Release|Any CPU.Build.0 = Release|Any CPU
		{C97C94B1-D15D-43C0-8F31-ECE46427BFAB}.Release|Mixed Platforms.ActiveCfg = Release|x86
		{C97C94B1-D15D-43C0-8F31-ECE46427BFAB}.Release|Mixed Platforms.Build.0 = Release|x86
		{C97C94B1-D15D-43C0-8F31-ECE46427BFAB}.Release|x86.ActiveCfg = Release|x86
		{C97C94B1-D15D-43C0-8F31-ECE46427BFAB}.Release|x86.Build.0 = Release|x86
		{654A8AE7-E92F-4C6E-B333-53ED9D4C82D8}.DbgClassroom|Any CPU.ActiveCfg = DbgClassroom|Any CPU
		{654A8AE7-E92F-4C6E-B333-53ED9D4C82D8}.DbgClassroom|Any CPU.Build.0 = DbgClassroom|Any CPU
		{654A8AE7-E92F-4C6E-B333-53ED9D4C82D8}.DbgClassroom|Any CPU.Deploy.0 = DbgClassroom|Any CPU
		{654A8AE7-E92F-4C6E-B333-53ED9D4C82D8}.DbgClassroom|Mixed Platforms.ActiveCfg = DbgClassroom|Any CPU
		{654A8AE7-E92F-4C6E-B333-53ED9D4C82D8}.DbgClassroom|Mixed Platforms.Build.0 = DbgClassroom|Any CPU
		{654A8AE7-E92F-4C6E-B333-53ED9D4C82D8}.DbgClassroom|Mixed Platforms.Deploy.0 = DbgClassroom|Any CPU
		{654A8AE7-E92F-4C6E-B333-53ED9D4C82D8}.DbgClassroom|x86.ActiveCfg = DbgClassroom|Any CPU
		{654A8AE7-E92F-4C6E-B333-53ED9D4C82D8}.DbgClassroom|x86.Build.0 = DbgClassroom|Any CPU
		{654A8AE7-E92F-4C6E-B333-53ED9D4C82D8}.DbgClassroom|x86.Deploy.0 = DbgClassroom|Any CPU
		{654A8AE7-E92F-4C6E-B333-53ED9D4C82D8}.DbgCloud|Any CPU.ActiveCfg = DbgCloud|Any CPU
		{654A8AE7-E92F-4C6E-B333-53ED9D4C82D8}.DbgCloud|Any CPU.Build.0 = DbgCloud|Any CPU
		{654A8AE7-E92F-4C6E-B333-53ED9D4C82D8}.DbgCloud|Any CPU.Deploy.0 = DbgCloud|Any CPU
		{654A8AE7-E92F-4C6E-B333-53ED9D4C82D8}.DbgCloud|Mixed Platforms.ActiveCfg = DbgCloud|Any CPU
		{654A8AE7-E92F-4C6E-B333-53ED9D4C82D8}.DbgCloud|Mixed Platforms.Build.0 = DbgCloud|Any CPU
		{654A8AE7-E92F-4C6E-B333-53ED9D4C82D8}.DbgCloud|Mixed Platforms.Deploy.0 = DbgCloud|Any CPU
		{654A8AE7-E92F-4C6E-B333-53ED9D4C82D8}.DbgCloud|x86.ActiveCfg = DbgCloud|Any CPU
		{654A8AE7-E92F-4C6E-B333-53ED9D4C82D8}.DbgCloud|x86.Build.0 = DbgCloud|Any CPU
		{654A8AE7-E92F-4C6E-B333-53ED9D4C82D8}.DbgCloud|x86.Deploy.0 = DbgCloud|Any CPU
		{654A8AE7-E92F-4C6E-B333-53ED9D4C82D8}.Debug|Any CPU.ActiveCfg = Debug|Any CPU
		{654A8AE7-E92F-4C6E-B333-53ED9D4C82D8}.Debug|Any CPU.Build.0 = Debug|Any CPU
		{654A8AE7-E92F-4C6E-B333-53ED9D4C82D8}.Debug|Any CPU.Deploy.0 = Debug|Any CPU
		{654A8AE7-E92F-4C6E-B333-53ED9D4C82D8}.Debug|Mixed Platforms.ActiveCfg = Debug|Any CPU
		{654A8AE7-E92F-4C6E-B333-53ED9D4C82D8}.Debug|Mixed Platforms.Build.0 = Debug|Any CPU
		{654A8AE7-E92F-4C6E-B333-53ED9D4C82D8}.Debug|Mixed Platforms.Deploy.0 = Debug|Any CPU
		{654A8AE7-E92F-4C6E-B333-53ED9D4C82D8}.Debug|x86.ActiveCfg = Debug|Any CPU
		{654A8AE7-E92F-4C6E-B333-53ED9D4C82D8}.RelClassroom|Any CPU.ActiveCfg = RelClassroom|Any CPU
		{654A8AE7-E92F-4C6E-B333-53ED9D4C82D8}.RelClassroom|Any CPU.Build.0 = RelClassroom|Any CPU
		{654A8AE7-E92F-4C6E-B333-53ED9D4C82D8}.RelClassroom|Any CPU.Deploy.0 = RelClassroom|Any CPU
		{654A8AE7-E92F-4C6E-B333-53ED9D4C82D8}.RelClassroom|Mixed Platforms.ActiveCfg = RelClassroom|Any CPU
		{654A8AE7-E92F-4C6E-B333-53ED9D4C82D8}.RelClassroom|Mixed Platforms.Build.0 = RelClassroom|Any CPU
		{654A8AE7-E92F-4C6E-B333-53ED9D4C82D8}.RelClassroom|Mixed Platforms.Deploy.0 = RelClassroom|Any CPU
		{654A8AE7-E92F-4C6E-B333-53ED9D4C82D8}.RelClassroom|x86.ActiveCfg = RelClassroom|Any CPU
		{654A8AE7-E92F-4C6E-B333-53ED9D4C82D8}.RelClassroom|x86.Build.0 = RelClassroom|Any CPU
		{654A8AE7-E92F-4C6E-B333-53ED9D4C82D8}.RelClassroom|x86.Deploy.0 = RelClassroom|Any CPU
		{654A8AE7-E92F-4C6E-B333-53ED9D4C82D8}.RelCloud|Any CPU.ActiveCfg = RelCloud|Any CPU
		{654A8AE7-E92F-4C6E-B333-53ED9D4C82D8}.RelCloud|Any CPU.Build.0 = RelCloud|Any CPU
		{654A8AE7-E92F-4C6E-B333-53ED9D4C82D8}.RelCloud|Any CPU.Deploy.0 = RelCloud|Any CPU
		{654A8AE7-E92F-4C6E-B333-53ED9D4C82D8}.RelCloud|Mixed Platforms.ActiveCfg = RelCloud|Any CPU
		{654A8AE7-E92F-4C6E-B333-53ED9D4C82D8}.RelCloud|Mixed Platforms.Build.0 = RelCloud|Any CPU
		{654A8AE7-E92F-4C6E-B333-53ED9D4C82D8}.RelCloud|Mixed Platforms.Deploy.0 = RelCloud|Any CPU
		{654A8AE7-E92F-4C6E-B333-53ED9D4C82D8}.RelCloud|x86.ActiveCfg = RelCloud|Any CPU
		{654A8AE7-E92F-4C6E-B333-53ED9D4C82D8}.RelCloud|x86.Build.0 = RelCloud|Any CPU
		{654A8AE7-E92F-4C6E-B333-53ED9D4C82D8}.RelCloud|x86.Deploy.0 = RelCloud|Any CPU
		{654A8AE7-E92F-4C6E-B333-53ED9D4C82D8}.Release|Any CPU.ActiveCfg = Release|Any CPU
		{654A8AE7-E92F-4C6E-B333-53ED9D4C82D8}.Release|Any CPU.Build.0 = Release|Any CPU
		{654A8AE7-E92F-4C6E-B333-53ED9D4C82D8}.Release|Any CPU.Deploy.0 = Release|Any CPU
		{654A8AE7-E92F-4C6E-B333-53ED9D4C82D8}.Release|Mixed Platforms.ActiveCfg = Release|Any CPU
		{654A8AE7-E92F-4C6E-B333-53ED9D4C82D8}.Release|Mixed Platforms.Build.0 = Release|Any CPU
		{654A8AE7-E92F-4C6E-B333-53ED9D4C82D8}.Release|Mixed Platforms.Deploy.0 = Release|Any CPU
		{654A8AE7-E92F-4C6E-B333-53ED9D4C82D8}.Release|x86.ActiveCfg = Release|Any CPU
		{550FB131-D854-4431-8901-4A6F9CABEDF0}.DbgClassroom|Any CPU.ActiveCfg = DbgClassroom|Any CPU
		{550FB131-D854-4431-8901-4A6F9CABEDF0}.DbgClassroom|Any CPU.Build.0 = DbgClassroom|Any CPU
		{550FB131-D854-4431-8901-4A6F9CABEDF0}.DbgClassroom|Mixed Platforms.ActiveCfg = DbgClassroom|Any CPU
		{550FB131-D854-4431-8901-4A6F9CABEDF0}.DbgClassroom|Mixed Platforms.Build.0 = DbgClassroom|Any CPU
		{550FB131-D854-4431-8901-4A6F9CABEDF0}.DbgClassroom|x86.ActiveCfg = DbgClassroom|Any CPU
		{550FB131-D854-4431-8901-4A6F9CABEDF0}.DbgClassroom|x86.Build.0 = DbgClassroom|Any CPU
		{550FB131-D854-4431-8901-4A6F9CABEDF0}.DbgCloud|Any CPU.ActiveCfg = DbgCloud|Any CPU
		{550FB131-D854-4431-8901-4A6F9CABEDF0}.DbgCloud|Any CPU.Build.0 = DbgCloud|Any CPU
		{550FB131-D854-4431-8901-4A6F9CABEDF0}.DbgCloud|Mixed Platforms.ActiveCfg = DbgCloud|Any CPU
		{550FB131-D854-4431-8901-4A6F9CABEDF0}.DbgCloud|Mixed Platforms.Build.0 = DbgCloud|Any CPU
		{550FB131-D854-4431-8901-4A6F9CABEDF0}.DbgCloud|x86.ActiveCfg = DbgCloud|Any CPU
		{550FB131-D854-4431-8901-4A6F9CABEDF0}.DbgCloud|x86.Build.0 = DbgCloud|Any CPU
		{550FB131-D854-4431-8901-4A6F9CABEDF0}.Debug|Any CPU.ActiveCfg = Debug|Any CPU
		{550FB131-D854-4431-8901-4A6F9CABEDF0}.Debug|Any CPU.Build.0 = Debug|Any CPU
		{550FB131-D854-4431-8901-4A6F9CABEDF0}.Debug|Mixed Platforms.ActiveCfg = Debug|Any CPU
		{550FB131-D854-4431-8901-4A6F9CABEDF0}.Debug|Mixed Platforms.Build.0 = Debug|Any CPU
		{550FB131-D854-4431-8901-4A6F9CABEDF0}.Debug|x86.ActiveCfg = Debug|Any CPU
		{550FB131-D854-4431-8901-4A6F9CABEDF0}.RelClassroom|Any CPU.ActiveCfg = RelClassroom|Any CPU
		{550FB131-D854-4431-8901-4A6F9CABEDF0}.RelClassroom|Any CPU.Build.0 = RelClassroom|Any CPU
		{550FB131-D854-4431-8901-4A6F9CABEDF0}.RelClassroom|Mixed Platforms.ActiveCfg = RelClassroom|Any CPU
		{550FB131-D854-4431-8901-4A6F9CABEDF0}.RelClassroom|Mixed Platforms.Build.0 = RelClassroom|Any CPU
		{550FB131-D854-4431-8901-4A6F9CABEDF0}.RelClassroom|x86.ActiveCfg = RelClassroom|Any CPU
		{550FB131-D854-4431-8901-4A6F9CABEDF0}.RelClassroom|x86.Build.0 = RelClassroom|Any CPU
		{550FB131-D854-4431-8901-4A6F9CABEDF0}.RelCloud|Any CPU.ActiveCfg = RelCloud|Any CPU
		{550FB131-D854-4431-8901-4A6F9CABEDF0}.RelCloud|Any CPU.Build.0 = RelCloud|Any CPU
		{550FB131-D854-4431-8901-4A6F9CABEDF0}.RelCloud|Mixed Platforms.ActiveCfg = RelCloud|Any CPU
		{550FB131-D854-4431-8901-4A6F9CABEDF0}.RelCloud|Mixed Platforms.Build.0 = RelCloud|Any CPU
		{550FB131-D854-4431-8901-4A6F9CABEDF0}.RelCloud|x86.ActiveCfg = RelCloud|Any CPU
		{550FB131-D854-4431-8901-4A6F9CABEDF0}.RelCloud|x86.Build.0 = RelCloud|Any CPU
		{550FB131-D854-4431-8901-4A6F9CABEDF0}.Release|Any CPU.ActiveCfg = Release|Any CPU
		{550FB131-D854-4431-8901-4A6F9CABEDF0}.Release|Any CPU.Build.0 = Release|Any CPU
		{550FB131-D854-4431-8901-4A6F9CABEDF0}.Release|Mixed Platforms.ActiveCfg = Release|Any CPU
		{550FB131-D854-4431-8901-4A6F9CABEDF0}.Release|Mixed Platforms.Build.0 = Release|Any CPU
		{550FB131-D854-4431-8901-4A6F9CABEDF0}.Release|x86.ActiveCfg = Release|Any CPU
		{86FDF73E-9063-41E1-ABC0-44426E670E28}.DbgClassroom|Any CPU.ActiveCfg = DbgClassroom|Any CPU
		{86FDF73E-9063-41E1-ABC0-44426E670E28}.DbgClassroom|Any CPU.Build.0 = DbgClassroom|Any CPU
		{86FDF73E-9063-41E1-ABC0-44426E670E28}.DbgClassroom|Any CPU.Deploy.0 = DbgClassroom|Any CPU
		{86FDF73E-9063-41E1-ABC0-44426E670E28}.DbgClassroom|Mixed Platforms.ActiveCfg = DbgClassroom|Any CPU
		{86FDF73E-9063-41E1-ABC0-44426E670E28}.DbgClassroom|Mixed Platforms.Build.0 = DbgClassroom|Any CPU
		{86FDF73E-9063-41E1-ABC0-44426E670E28}.DbgClassroom|Mixed Platforms.Deploy.0 = DbgClassroom|Any CPU
		{86FDF73E-9063-41E1-ABC0-44426E670E28}.DbgClassroom|x86.ActiveCfg = DbgClassroom|Any CPU
		{86FDF73E-9063-41E1-ABC0-44426E670E28}.DbgClassroom|x86.Build.0 = DbgClassroom|Any CPU
		{86FDF73E-9063-41E1-ABC0-44426E670E28}.DbgClassroom|x86.Deploy.0 = DbgClassroom|Any CPU
		{86FDF73E-9063-41E1-ABC0-44426E670E28}.DbgCloud|Any CPU.ActiveCfg = DbgCloud|Any CPU
		{86FDF73E-9063-41E1-ABC0-44426E670E28}.DbgCloud|Any CPU.Build.0 = DbgCloud|Any CPU
		{86FDF73E-9063-41E1-ABC0-44426E670E28}.DbgCloud|Any CPU.Deploy.0 = DbgCloud|Any CPU
		{86FDF73E-9063-41E1-ABC0-44426E670E28}.DbgCloud|Mixed Platforms.ActiveCfg = DbgCloud|Any CPU
		{86FDF73E-9063-41E1-ABC0-44426E670E28}.DbgCloud|Mixed Platforms.Build.0 = DbgCloud|Any CPU
		{86FDF73E-9063-41E1-ABC0-44426E670E28}.DbgCloud|Mixed Platforms.Deploy.0 = DbgCloud|Any CPU
		{86FDF73E-9063-41E1-ABC0-44426E670E28}.DbgCloud|x86.ActiveCfg = DbgCloud|Any CPU
		{86FDF73E-9063-41E1-ABC0-44426E670E28}.DbgCloud|x86.Build.0 = DbgCloud|Any CPU
		{86FDF73E-9063-41E1-ABC0-44426E670E28}.DbgCloud|x86.Deploy.0 = DbgCloud|Any CPU
		{86FDF73E-9063-41E1-ABC0-44426E670E28}.Debug|Any CPU.ActiveCfg = Debug|Any CPU
		{86FDF73E-9063-41E1-ABC0-44426E670E28}.Debug|Any CPU.Build.0 = Debug|Any CPU
		{86FDF73E-9063-41E1-ABC0-44426E670E28}.Debug|Any CPU.Deploy.0 = Debug|Any CPU
		{86FDF73E-9063-41E1-ABC0-44426E670E28}.Debug|Mixed Platforms.ActiveCfg = Debug|Any CPU
		{86FDF73E-9063-41E1-ABC0-44426E670E28}.Debug|Mixed Platforms.Build.0 = Debug|Any CPU
		{86FDF73E-9063-41E1-ABC0-44426E670E28}.Debug|Mixed Platforms.Deploy.0 = Debug|Any CPU
		{86FDF73E-9063-41E1-ABC0-44426E670E28}.Debug|x86.ActiveCfg = Debug|Any CPU
		{86FDF73E-9063-41E1-ABC0-44426E670E28}.RelClassroom|Any CPU.ActiveCfg = RelClassroom|Any CPU
		{86FDF73E-9063-41E1-ABC0-44426E670E28}.RelClassroom|Any CPU.Build.0 = RelClassroom|Any CPU
		{86FDF73E-9063-41E1-ABC0-44426E670E28}.RelClassroom|Any CPU.Deploy.0 = RelClassroom|Any CPU
		{86FDF73E-9063-41E1-ABC0-44426E670E28}.RelClassroom|Mixed Platforms.ActiveCfg = RelClassroom|Any CPU
		{86FDF73E-9063-41E1-ABC0-44426E670E28}.RelClassroom|Mixed Platforms.Build.0 = RelClassroom|Any CPU
		{86FDF73E-9063-41E1-ABC0-44426E670E28}.RelClassroom|Mixed Platforms.Deploy.0 = RelClassroom|Any CPU
		{86FDF73E-9063-41E1-ABC0-44426E670E28}.RelClassroom|x86.ActiveCfg = RelClassroom|Any CPU
		{86FDF73E-9063-41E1-ABC0-44426E670E28}.RelClassroom|x86.Build.0 = RelClassroom|Any CPU
		{86FDF73E-9063-41E1-ABC0-44426E670E28}.RelClassroom|x86.Deploy.0 = RelClassroom|Any CPU
		{86FDF73E-9063-41E1-ABC0-44426E670E28}.RelCloud|Any CPU.ActiveCfg = RelCloud|Any CPU
		{86FDF73E-9063-41E1-ABC0-44426E670E28}.RelCloud|Any CPU.Build.0 = RelCloud|Any CPU
		{86FDF73E-9063-41E1-ABC0-44426E670E28}.RelCloud|Any CPU.Deploy.0 = RelCloud|Any CPU
		{86FDF73E-9063-41E1-ABC0-44426E670E28}.RelCloud|Mixed Platforms.ActiveCfg = RelCloud|Any CPU
		{86FDF73E-9063-41E1-ABC0-44426E670E28}.RelCloud|Mixed Platforms.Build.0 = RelCloud|Any CPU
		{86FDF73E-9063-41E1-ABC0-44426E670E28}.RelCloud|Mixed Platforms.Deploy.0 = RelCloud|Any CPU
		{86FDF73E-9063-41E1-ABC0-44426E670E28}.RelCloud|x86.ActiveCfg = RelCloud|Any CPU
		{86FDF73E-9063-41E1-ABC0-44426E670E28}.RelCloud|x86.Build.0 = RelCloud|Any CPU
		{86FDF73E-9063-41E1-ABC0-44426E670E28}.RelCloud|x86.Deploy.0 = RelCloud|Any CPU
		{86FDF73E-9063-41E1-ABC0-44426E670E28}.Release|Any CPU.ActiveCfg = Release|Any CPU
		{86FDF73E-9063-41E1-ABC0-44426E670E28}.Release|Any CPU.Build.0 = Release|Any CPU
		{86FDF73E-9063-41E1-ABC0-44426E670E28}.Release|Any CPU.Deploy.0 = Release|Any CPU
		{86FDF73E-9063-41E1-ABC0-44426E670E28}.Release|Mixed Platforms.ActiveCfg = Release|Any CPU
		{86FDF73E-9063-41E1-ABC0-44426E670E28}.Release|Mixed Platforms.Build.0 = Release|Any CPU
		{86FDF73E-9063-41E1-ABC0-44426E670E28}.Release|Mixed Platforms.Deploy.0 = Release|Any CPU
		{86FDF73E-9063-41E1-ABC0-44426E670E28}.Release|x86.ActiveCfg = Release|Any CPU
		{82F5725D-CCF9-4501-A0C5-9EA6725FAF00}.DbgClassroom|Any CPU.ActiveCfg = DbgClassroom|Any CPU
		{82F5725D-CCF9-4501-A0C5-9EA6725FAF00}.DbgClassroom|Any CPU.Build.0 = DbgClassroom|Any CPU
		{82F5725D-CCF9-4501-A0C5-9EA6725FAF00}.DbgClassroom|Mixed Platforms.ActiveCfg = DbgClassroom|Any CPU
		{82F5725D-CCF9-4501-A0C5-9EA6725FAF00}.DbgClassroom|Mixed Platforms.Build.0 = DbgClassroom|Any CPU
		{82F5725D-CCF9-4501-A0C5-9EA6725FAF00}.DbgClassroom|x86.ActiveCfg = DbgClassroom|Any CPU
		{82F5725D-CCF9-4501-A0C5-9EA6725FAF00}.DbgClassroom|x86.Build.0 = DbgClassroom|Any CPU
		{82F5725D-CCF9-4501-A0C5-9EA6725FAF00}.DbgCloud|Any CPU.ActiveCfg = DbgCloud|Any CPU
		{82F5725D-CCF9-4501-A0C5-9EA6725FAF00}.DbgCloud|Any CPU.Build.0 = DbgCloud|Any CPU
		{82F5725D-CCF9-4501-A0C5-9EA6725FAF00}.DbgCloud|Mixed Platforms.ActiveCfg = DbgCloud|Any CPU
		{82F5725D-CCF9-4501-A0C5-9EA6725FAF00}.DbgCloud|Mixed Platforms.Build.0 = DbgCloud|Any CPU
		{82F5725D-CCF9-4501-A0C5-9EA6725FAF00}.DbgCloud|x86.ActiveCfg = DbgCloud|Any CPU
		{82F5725D-CCF9-4501-A0C5-9EA6725FAF00}.DbgCloud|x86.Build.0 = DbgCloud|Any CPU
		{82F5725D-CCF9-4501-A0C5-9EA6725FAF00}.Debug|Any CPU.ActiveCfg = Debug|Any CPU
		{82F5725D-CCF9-4501-A0C5-9EA6725FAF00}.Debug|Any CPU.Build.0 = Debug|Any CPU
		{82F5725D-CCF9-4501-A0C5-9EA6725FAF00}.Debug|Mixed Platforms.ActiveCfg = Debug|Any CPU
		{82F5725D-CCF9-4501-A0C5-9EA6725FAF00}.Debug|Mixed Platforms.Build.0 = Debug|Any CPU
		{82F5725D-CCF9-4501-A0C5-9EA6725FAF00}.Debug|x86.ActiveCfg = Debug|Any CPU
		{82F5725D-CCF9-4501-A0C5-9EA6725FAF00}.RelClassroom|Any CPU.ActiveCfg = RelClassroom|Any CPU
		{82F5725D-CCF9-4501-A0C5-9EA6725FAF00}.RelClassroom|Any CPU.Build.0 = RelClassroom|Any CPU
		{82F5725D-CCF9-4501-A0C5-9EA6725FAF00}.RelClassroom|Mixed Platforms.ActiveCfg = RelClassroom|Any CPU
		{82F5725D-CCF9-4501-A0C5-9EA6725FAF00}.RelClassroom|Mixed Platforms.Build.0 = RelClassroom|Any CPU
		{82F5725D-CCF9-4501-A0C5-9EA6725FAF00}.RelClassroom|x86.ActiveCfg = RelClassroom|Any CPU
		{82F5725D-CCF9-4501-A0C5-9EA6725FAF00}.RelClassroom|x86.Build.0 = RelClassroom|Any CPU
		{82F5725D-CCF9-4501-A0C5-9EA6725FAF00}.RelCloud|Any CPU.ActiveCfg = RelCloud|Any CPU
		{82F5725D-CCF9-4501-A0C5-9EA6725FAF00}.RelCloud|Any CPU.Build.0 = RelCloud|Any CPU
		{82F5725D-CCF9-4501-A0C5-9EA6725FAF00}.RelCloud|Mixed Platforms.ActiveCfg = RelCloud|Any CPU
		{82F5725D-CCF9-4501-A0C5-9EA6725FAF00}.RelCloud|Mixed Platforms.Build.0 = RelCloud|Any CPU
		{82F5725D-CCF9-4501-A0C5-9EA6725FAF00}.RelCloud|x86.ActiveCfg = RelCloud|Any CPU
		{82F5725D-CCF9-4501-A0C5-9EA6725FAF00}.RelCloud|x86.Build.0 = RelCloud|Any CPU
		{82F5725D-CCF9-4501-A0C5-9EA6725FAF00}.Release|Any CPU.ActiveCfg = Release|Any CPU
		{82F5725D-CCF9-4501-A0C5-9EA6725FAF00}.Release|Any CPU.Build.0 = Release|Any CPU
		{82F5725D-CCF9-4501-A0C5-9EA6725FAF00}.Release|Mixed Platforms.ActiveCfg = Release|Any CPU
		{82F5725D-CCF9-4501-A0C5-9EA6725FAF00}.Release|Mixed Platforms.Build.0 = Release|Any CPU
		{82F5725D-CCF9-4501-A0C5-9EA6725FAF00}.Release|x86.ActiveCfg = Release|Any CPU
		{19EDD3B5-E003-4076-BF35-2157A3E5BCD0}.DbgClassroom|Any CPU.ActiveCfg = DbgClassroom|Any CPU
		{19EDD3B5-E003-4076-BF35-2157A3E5BCD0}.DbgClassroom|Any CPU.Build.0 = DbgClassroom|Any CPU
		{19EDD3B5-E003-4076-BF35-2157A3E5BCD0}.DbgClassroom|Mixed Platforms.ActiveCfg = DbgClassroom|Any CPU
		{19EDD3B5-E003-4076-BF35-2157A3E5BCD0}.DbgClassroom|Mixed Platforms.Build.0 = DbgClassroom|Any CPU
		{19EDD3B5-E003-4076-BF35-2157A3E5BCD0}.DbgClassroom|x86.ActiveCfg = DbgClassroom|Any CPU
		{19EDD3B5-E003-4076-BF35-2157A3E5BCD0}.DbgClassroom|x86.Build.0 = DbgClassroom|Any CPU
		{19EDD3B5-E003-4076-BF35-2157A3E5BCD0}.DbgCloud|Any CPU.ActiveCfg = DbgCloud|Any CPU
		{19EDD3B5-E003-4076-BF35-2157A3E5BCD0}.DbgCloud|Any CPU.Build.0 = DbgCloud|Any CPU
		{19EDD3B5-E003-4076-BF35-2157A3E5BCD0}.DbgCloud|Mixed Platforms.ActiveCfg = DbgCloud|Any CPU
		{19EDD3B5-E003-4076-BF35-2157A3E5BCD0}.DbgCloud|Mixed Platforms.Build.0 = DbgCloud|Any CPU
		{19EDD3B5-E003-4076-BF35-2157A3E5BCD0}.DbgCloud|x86.ActiveCfg = DbgCloud|Any CPU
		{19EDD3B5-E003-4076-BF35-2157A3E5BCD0}.DbgCloud|x86.Build.0 = DbgCloud|Any CPU
		{19EDD3B5-E003-4076-BF35-2157A3E5BCD0}.Debug|Any CPU.ActiveCfg = Debug|Any CPU
		{19EDD3B5-E003-4076-BF35-2157A3E5BCD0}.Debug|Any CPU.Build.0 = Debug|Any CPU
		{19EDD3B5-E003-4076-BF35-2157A3E5BCD0}.Debug|Mixed Platforms.ActiveCfg = Debug|Any CPU
		{19EDD3B5-E003-4076-BF35-2157A3E5BCD0}.Debug|Mixed Platforms.Build.0 = Debug|Any CPU
		{19EDD3B5-E003-4076-BF35-2157A3E5BCD0}.Debug|x86.ActiveCfg = Debug|Any CPU
		{19EDD3B5-E003-4076-BF35-2157A3E5BCD0}.RelClassroom|Any CPU.ActiveCfg = RelClassroom|Any CPU
		{19EDD3B5-E003-4076-BF35-2157A3E5BCD0}.RelClassroom|Any CPU.Build.0 = RelClassroom|Any CPU
		{19EDD3B5-E003-4076-BF35-2157A3E5BCD0}.RelClassroom|Mixed Platforms.ActiveCfg = RelClassroom|Any CPU
		{19EDD3B5-E003-4076-BF35-2157A3E5BCD0}.RelClassroom|Mixed Platforms.Build.0 = RelClassroom|Any CPU
		{19EDD3B5-E003-4076-BF35-2157A3E5BCD0}.RelClassroom|x86.ActiveCfg = RelClassroom|Any CPU
		{19EDD3B5-E003-4076-BF35-2157A3E5BCD0}.RelClassroom|x86.Build.0 = RelClassroom|Any CPU
		{19EDD3B5-E003-4076-BF35-2157A3E5BCD0}.RelCloud|Any CPU.ActiveCfg = RelCloud|Any CPU
		{19EDD3B5-E003-4076-BF35-2157A3E5BCD0}.RelCloud|Any CPU.Build.0 = RelCloud|Any CPU
		{19EDD3B5-E003-4076-BF35-2157A3E5BCD0}.RelCloud|Mixed Platforms.ActiveCfg = RelCloud|Any CPU
		{19EDD3B5-E003-4076-BF35-2157A3E5BCD0}.RelCloud|Mixed Platforms.Build.0 = RelCloud|Any CPU
		{19EDD3B5-E003-4076-BF35-2157A3E5BCD0}.RelCloud|x86.ActiveCfg = RelCloud|Any CPU
		{19EDD3B5-E003-4076-BF35-2157A3E5BCD0}.RelCloud|x86.Build.0 = RelCloud|Any CPU
		{19EDD3B5-E003-4076-BF35-2157A3E5BCD0}.Release|Any CPU.ActiveCfg = Release|Any CPU
		{19EDD3B5-E003-4076-BF35-2157A3E5BCD0}.Release|Any CPU.Build.0 = Release|Any CPU
		{19EDD3B5-E003-4076-BF35-2157A3E5BCD0}.Release|Mixed Platforms.ActiveCfg = Release|Any CPU
		{19EDD3B5-E003-4076-BF35-2157A3E5BCD0}.Release|Mixed Platforms.Build.0 = Release|Any CPU
		{19EDD3B5-E003-4076-BF35-2157A3E5BCD0}.Release|x86.ActiveCfg = Release|Any CPU
		{42237208-6E42-42C9-8068-208D0EA4669C}.DbgClassroom|Any CPU.ActiveCfg = DbgClassroom|Any CPU
		{42237208-6E42-42C9-8068-208D0EA4669C}.DbgClassroom|Any CPU.Build.0 = DbgClassroom|Any CPU
		{42237208-6E42-42C9-8068-208D0EA4669C}.DbgClassroom|Mixed Platforms.ActiveCfg = DbgClassroom|Any CPU
		{42237208-6E42-42C9-8068-208D0EA4669C}.DbgClassroom|Mixed Platforms.Build.0 = DbgClassroom|Any CPU
		{42237208-6E42-42C9-8068-208D0EA4669C}.DbgClassroom|x86.ActiveCfg = DbgClassroom|Any CPU
		{42237208-6E42-42C9-8068-208D0EA4669C}.DbgClassroom|x86.Build.0 = DbgClassroom|Any CPU
		{42237208-6E42-42C9-8068-208D0EA4669C}.DbgCloud|Any CPU.ActiveCfg = DbgCloud|Any CPU
		{42237208-6E42-42C9-8068-208D0EA4669C}.DbgCloud|Any CPU.Build.0 = DbgCloud|Any CPU
		{42237208-6E42-42C9-8068-208D0EA4669C}.DbgCloud|Mixed Platforms.ActiveCfg = DbgCloud|Any CPU
		{42237208-6E42-42C9-8068-208D0EA4669C}.DbgCloud|Mixed Platforms.Build.0 = DbgCloud|Any CPU
		{42237208-6E42-42C9-8068-208D0EA4669C}.DbgCloud|x86.ActiveCfg = DbgCloud|Any CPU
		{42237208-6E42-42C9-8068-208D0EA4669C}.DbgCloud|x86.Build.0 = DbgCloud|Any CPU
		{42237208-6E42-42C9-8068-208D0EA4669C}.Debug|Any CPU.ActiveCfg = Debug|Any CPU
		{42237208-6E42-42C9-8068-208D0EA4669C}.Debug|Any CPU.Build.0 = Debug|Any CPU
		{42237208-6E42-42C9-8068-208D0EA4669C}.Debug|Mixed Platforms.ActiveCfg = Debug|Any CPU
		{42237208-6E42-42C9-8068-208D0EA4669C}.Debug|Mixed Platforms.Build.0 = Debug|Any CPU
		{42237208-6E42-42C9-8068-208D0EA4669C}.Debug|x86.ActiveCfg = Debug|Any CPU
		{42237208-6E42-42C9-8068-208D0EA4669C}.RelClassroom|Any CPU.ActiveCfg = RelClassroom|Any CPU
		{42237208-6E42-42C9-8068-208D0EA4669C}.RelClassroom|Any CPU.Build.0 = RelClassroom|Any CPU
		{42237208-6E42-42C9-8068-208D0EA4669C}.RelClassroom|Mixed Platforms.ActiveCfg = RelClassroom|Any CPU
		{42237208-6E42-42C9-8068-208D0EA4669C}.RelClassroom|Mixed Platforms.Build.0 = RelClassroom|Any CPU
		{42237208-6E42-42C9-8068-208D0EA4669C}.RelClassroom|x86.ActiveCfg = RelClassroom|Any CPU
		{42237208-6E42-42C9-8068-208D0EA4669C}.RelClassroom|x86.Build.0 = RelClassroom|Any CPU
		{42237208-6E42-42C9-8068-208D0EA4669C}.RelCloud|Any CPU.ActiveCfg = RelCloud|Any CPU
		{42237208-6E42-42C9-8068-208D0EA4669C}.RelCloud|Any CPU.Build.0 = RelCloud|Any CPU
		{42237208-6E42-42C9-8068-208D0EA4669C}.RelCloud|Mixed Platforms.ActiveCfg = RelCloud|Any CPU
		{42237208-6E42-42C9-8068-208D0EA4669C}.RelCloud|Mixed Platforms.Build.0 = RelCloud|Any CPU
		{42237208-6E42-42C9-8068-208D0EA4669C}.RelCloud|x86.ActiveCfg = RelCloud|Any CPU
		{42237208-6E42-42C9-8068-208D0EA4669C}.RelCloud|x86.Build.0 = RelCloud|Any CPU
		{42237208-6E42-42C9-8068-208D0EA4669C}.Release|Any CPU.ActiveCfg = Release|Any CPU
		{42237208-6E42-42C9-8068-208D0EA4669C}.Release|Any CPU.Build.0 = Release|Any CPU
		{42237208-6E42-42C9-8068-208D0EA4669C}.Release|Mixed Platforms.ActiveCfg = Release|Any CPU
		{42237208-6E42-42C9-8068-208D0EA4669C}.Release|Mixed Platforms.Build.0 = Release|Any CPU
		{42237208-6E42-42C9-8068-208D0EA4669C}.Release|x86.ActiveCfg = Release|Any CPU
		{816AD1FC-37D0-48FB-A111-F65726973D5A}.DbgClassroom|Any CPU.ActiveCfg = DbgClassroom|Any CPU
		{816AD1FC-37D0-48FB-A111-F65726973D5A}.DbgClassroom|Any CPU.Build.0 = DbgClassroom|Any CPU
		{816AD1FC-37D0-48FB-A111-F65726973D5A}.DbgClassroom|Mixed Platforms.ActiveCfg = DbgClassroom|Any CPU
		{816AD1FC-37D0-48FB-A111-F65726973D5A}.DbgClassroom|Mixed Platforms.Build.0 = DbgClassroom|Any CPU
		{816AD1FC-37D0-48FB-A111-F65726973D5A}.DbgClassroom|x86.ActiveCfg = DbgClassroom|Any CPU
		{816AD1FC-37D0-48FB-A111-F65726973D5A}.DbgClassroom|x86.Build.0 = DbgClassroom|Any CPU
		{816AD1FC-37D0-48FB-A111-F65726973D5A}.DbgCloud|Any CPU.ActiveCfg = DbgCloud|Any CPU
		{816AD1FC-37D0-48FB-A111-F65726973D5A}.DbgCloud|Any CPU.Build.0 = DbgCloud|Any CPU
		{816AD1FC-37D0-48FB-A111-F65726973D5A}.DbgCloud|Mixed Platforms.ActiveCfg = DbgCloud|Any CPU
		{816AD1FC-37D0-48FB-A111-F65726973D5A}.DbgCloud|Mixed Platforms.Build.0 = DbgCloud|Any CPU
		{816AD1FC-37D0-48FB-A111-F65726973D5A}.DbgCloud|x86.ActiveCfg = DbgCloud|Any CPU
		{816AD1FC-37D0-48FB-A111-F65726973D5A}.DbgCloud|x86.Build.0 = DbgCloud|Any CPU
		{816AD1FC-37D0-48FB-A111-F65726973D5A}.Debug|Any CPU.ActiveCfg = Debug|Any CPU
		{816AD1FC-37D0-48FB-A111-F65726973D5A}.Debug|Any CPU.Build.0 = Debug|Any CPU
		{816AD1FC-37D0-48FB-A111-F65726973D5A}.Debug|Mixed Platforms.ActiveCfg = Debug|Any CPU
		{816AD1FC-37D0-48FB-A111-F65726973D5A}.Debug|Mixed Platforms.Build.0 = Debug|Any CPU
		{816AD1FC-37D0-48FB-A111-F65726973D5A}.Debug|x86.ActiveCfg = Debug|Any CPU
		{816AD1FC-37D0-48FB-A111-F65726973D5A}.RelClassroom|Any CPU.ActiveCfg = RelClassroom|Any CPU
		{816AD1FC-37D0-48FB-A111-F65726973D5A}.RelClassroom|Any CPU.Build.0 = RelClassroom|Any CPU
		{816AD1FC-37D0-48FB-A111-F65726973D5A}.RelClassroom|Mixed Platforms.ActiveCfg = RelClassroom|Any CPU
		{816AD1FC-37D0-48FB-A111-F65726973D5A}.RelClassroom|Mixed Platforms.Build.0 = RelClassroom|Any CPU
		{816AD1FC-37D0-48FB-A111-F65726973D5A}.RelClassroom|x86.ActiveCfg = RelClassroom|Any CPU
		{816AD1FC-37D0-48FB-A111-F65726973D5A}.RelClassroom|x86.Build.0 = RelClassroom|Any CPU
		{816AD1FC-37D0-48FB-A111-F65726973D5A}.RelCloud|Any CPU.ActiveCfg = RelCloud|Any CPU
		{816AD1FC-37D0-48FB-A111-F65726973D5A}.RelCloud|Any CPU.Build.0 = RelCloud|Any CPU
		{816AD1FC-37D0-48FB-A111-F65726973D5A}.RelCloud|Mixed Platforms.ActiveCfg = RelCloud|Any CPU
		{816AD1FC-37D0-48FB-A111-F65726973D5A}.RelCloud|Mixed Platforms.Build.0 = RelCloud|Any CPU
		{816AD1FC-37D0-48FB-A111-F65726973D5A}.RelCloud|x86.ActiveCfg = RelCloud|Any CPU
		{816AD1FC-37D0-48FB-A111-F65726973D5A}.RelCloud|x86.Build.0 = RelCloud|Any CPU
		{816AD1FC-37D0-48FB-A111-F65726973D5A}.Release|Any CPU.ActiveCfg = Release|Any CPU
		{816AD1FC-37D0-48FB-A111-F65726973D5A}.Release|Any CPU.Build.0 = Release|Any CPU
		{816AD1FC-37D0-48FB-A111-F65726973D5A}.Release|Mixed Platforms.ActiveCfg = Release|Any CPU
		{816AD1FC-37D0-48FB-A111-F65726973D5A}.Release|Mixed Platforms.Build.0 = Release|Any CPU
		{816AD1FC-37D0-48FB-A111-F65726973D5A}.Release|x86.ActiveCfg = Release|Any CPU
		{650622E8-FAC8-4A78-94B5-474390159EF2}.DbgClassroom|Any CPU.ActiveCfg = DbgClassroom|Any CPU
		{650622E8-FAC8-4A78-94B5-474390159EF2}.DbgClassroom|Any CPU.Build.0 = DbgClassroom|Any CPU
		{650622E8-FAC8-4A78-94B5-474390159EF2}.DbgClassroom|Mixed Platforms.ActiveCfg = DbgClassroom|Any CPU
		{650622E8-FAC8-4A78-94B5-474390159EF2}.DbgClassroom|Mixed Platforms.Build.0 = DbgClassroom|Any CPU
		{650622E8-FAC8-4A78-94B5-474390159EF2}.DbgClassroom|x86.ActiveCfg = DbgClassroom|Any CPU
		{650622E8-FAC8-4A78-94B5-474390159EF2}.DbgClassroom|x86.Build.0 = DbgClassroom|Any CPU
		{650622E8-FAC8-4A78-94B5-474390159EF2}.DbgCloud|Any CPU.ActiveCfg = DbgCloud|Any CPU
		{650622E8-FAC8-4A78-94B5-474390159EF2}.DbgCloud|Any CPU.Build.0 = DbgCloud|Any CPU
		{650622E8-FAC8-4A78-94B5-474390159EF2}.DbgCloud|Mixed Platforms.ActiveCfg = DbgCloud|Any CPU
		{650622E8-FAC8-4A78-94B5-474390159EF2}.DbgCloud|Mixed Platforms.Build.0 = DbgCloud|Any CPU
		{650622E8-FAC8-4A78-94B5-474390159EF2}.DbgCloud|x86.ActiveCfg = DbgCloud|Any CPU
		{650622E8-FAC8-4A78-94B5-474390159EF2}.DbgCloud|x86.Build.0 = DbgCloud|Any CPU
		{650622E8-FAC8-4A78-94B5-474390159EF2}.Debug|Any CPU.ActiveCfg = Debug|Any CPU
		{650622E8-FAC8-4A78-94B5-474390159EF2}.Debug|Any CPU.Build.0 = Debug|Any CPU
		{650622E8-FAC8-4A78-94B5-474390159EF2}.Debug|Mixed Platforms.ActiveCfg = Debug|Any CPU
		{650622E8-FAC8-4A78-94B5-474390159EF2}.Debug|Mixed Platforms.Build.0 = Debug|Any CPU
		{650622E8-FAC8-4A78-94B5-474390159EF2}.Debug|x86.ActiveCfg = Debug|Any CPU
		{650622E8-FAC8-4A78-94B5-474390159EF2}.RelClassroom|Any CPU.ActiveCfg = RelClassroom|Any CPU
		{650622E8-FAC8-4A78-94B5-474390159EF2}.RelClassroom|Any CPU.Build.0 = RelClassroom|Any CPU
		{650622E8-FAC8-4A78-94B5-474390159EF2}.RelClassroom|Mixed Platforms.ActiveCfg = RelClassroom|Any CPU
		{650622E8-FAC8-4A78-94B5-474390159EF2}.RelClassroom|Mixed Platforms.Build.0 = RelClassroom|Any CPU
		{650622E8-FAC8-4A78-94B5-474390159EF2}.RelClassroom|x86.ActiveCfg = RelClassroom|Any CPU
		{650622E8-FAC8-4A78-94B5-474390159EF2}.RelClassroom|x86.Build.0 = RelClassroom|Any CPU
		{650622E8-FAC8-4A78-94B5-474390159EF2}.RelCloud|Any CPU.ActiveCfg = RelCloud|Any CPU
		{650622E8-FAC8-4A78-94B5-474390159EF2}.RelCloud|Any CPU.Build.0 = RelCloud|Any CPU
		{650622E8-FAC8-4A78-94B5-474390159EF2}.RelCloud|Mixed Platforms.ActiveCfg = RelCloud|Any CPU
		{650622E8-FAC8-4A78-94B5-474390159EF2}.RelCloud|Mixed Platforms.Build.0 = RelCloud|Any CPU
		{650622E8-FAC8-4A78-94B5-474390159EF2}.RelCloud|x86.ActiveCfg = RelCloud|Any CPU
		{650622E8-FAC8-4A78-94B5-474390159EF2}.RelCloud|x86.Build.0 = RelCloud|Any CPU
		{650622E8-FAC8-4A78-94B5-474390159EF2}.Release|Any CPU.ActiveCfg = Release|Any CPU
		{650622E8-FAC8-4A78-94B5-474390159EF2}.Release|Any CPU.Build.0 = Release|Any CPU
		{650622E8-FAC8-4A78-94B5-474390159EF2}.Release|Mixed Platforms.ActiveCfg = Release|Any CPU
		{650622E8-FAC8-4A78-94B5-474390159EF2}.Release|Mixed Platforms.Build.0 = Release|Any CPU
		{650622E8-FAC8-4A78-94B5-474390159EF2}.Release|x86.ActiveCfg = Release|Any CPU
		{692BAA4C-2D0B-4315-A01F-5F9D9F2C7777}.DbgClassroom|Any CPU.ActiveCfg = DbgClassroom|Any CPU
		{692BAA4C-2D0B-4315-A01F-5F9D9F2C7777}.DbgClassroom|Any CPU.Build.0 = DbgClassroom|Any CPU
		{692BAA4C-2D0B-4315-A01F-5F9D9F2C7777}.DbgClassroom|Mixed Platforms.ActiveCfg = DbgClassroom|Any CPU
		{692BAA4C-2D0B-4315-A01F-5F9D9F2C7777}.DbgClassroom|Mixed Platforms.Build.0 = DbgClassroom|Any CPU
		{692BAA4C-2D0B-4315-A01F-5F9D9F2C7777}.DbgClassroom|x86.ActiveCfg = DbgClassroom|Any CPU
		{692BAA4C-2D0B-4315-A01F-5F9D9F2C7777}.DbgClassroom|x86.Build.0 = DbgClassroom|Any CPU
		{692BAA4C-2D0B-4315-A01F-5F9D9F2C7777}.DbgCloud|Any CPU.ActiveCfg = DbgCloud|Any CPU
		{692BAA4C-2D0B-4315-A01F-5F9D9F2C7777}.DbgCloud|Any CPU.Build.0 = DbgCloud|Any CPU
		{692BAA4C-2D0B-4315-A01F-5F9D9F2C7777}.DbgCloud|Mixed Platforms.ActiveCfg = DbgCloud|Any CPU
		{692BAA4C-2D0B-4315-A01F-5F9D9F2C7777}.DbgCloud|Mixed Platforms.Build.0 = DbgCloud|Any CPU
		{692BAA4C-2D0B-4315-A01F-5F9D9F2C7777}.DbgCloud|x86.ActiveCfg = DbgCloud|Any CPU
		{692BAA4C-2D0B-4315-A01F-5F9D9F2C7777}.DbgCloud|x86.Build.0 = DbgCloud|Any CPU
		{692BAA4C-2D0B-4315-A01F-5F9D9F2C7777}.Debug|Any CPU.ActiveCfg = Debug|Any CPU
		{692BAA4C-2D0B-4315-A01F-5F9D9F2C7777}.Debug|Any CPU.Build.0 = Debug|Any CPU
		{692BAA4C-2D0B-4315-A01F-5F9D9F2C7777}.Debug|Mixed Platforms.ActiveCfg = Debug|Any CPU
		{692BAA4C-2D0B-4315-A01F-5F9D9F2C7777}.Debug|Mixed Platforms.Build.0 = Debug|Any CPU
		{692BAA4C-2D0B-4315-A01F-5F9D9F2C7777}.Debug|x86.ActiveCfg = Debug|Any CPU
		{692BAA4C-2D0B-4315-A01F-5F9D9F2C7777}.RelClassroom|Any CPU.ActiveCfg = RelClassroom|Any CPU
		{692BAA4C-2D0B-4315-A01F-5F9D9F2C7777}.RelClassroom|Any CPU.Build.0 = RelClassroom|Any CPU
		{692BAA4C-2D0B-4315-A01F-5F9D9F2C7777}.RelClassroom|Mixed Platforms.ActiveCfg = RelClassroom|Any CPU
		{692BAA4C-2D0B-4315-A01F-5F9D9F2C7777}.RelClassroom|Mixed Platforms.Build.0 = RelClassroom|Any CPU
		{692BAA4C-2D0B-4315-A01F-5F9D9F2C7777}.RelClassroom|x86.ActiveCfg = RelClassroom|Any CPU
		{692BAA4C-2D0B-4315-A01F-5F9D9F2C7777}.RelClassroom|x86.Build.0 = RelClassroom|Any CPU
		{692BAA4C-2D0B-4315-A01F-5F9D9F2C7777}.RelCloud|Any CPU.ActiveCfg = RelCloud|Any CPU
		{692BAA4C-2D0B-4315-A01F-5F9D9F2C7777}.RelCloud|Any CPU.Build.0 = RelCloud|Any CPU
		{692BAA4C-2D0B-4315-A01F-5F9D9F2C7777}.RelCloud|Mixed Platforms.ActiveCfg = RelCloud|Any CPU
		{692BAA4C-2D0B-4315-A01F-5F9D9F2C7777}.RelCloud|Mixed Platforms.Build.0 = RelCloud|Any CPU
		{692BAA4C-2D0B-4315-A01F-5F9D9F2C7777}.RelCloud|x86.ActiveCfg = RelCloud|Any CPU
		{692BAA4C-2D0B-4315-A01F-5F9D9F2C7777}.RelCloud|x86.Build.0 = RelCloud|Any CPU
		{692BAA4C-2D0B-4315-A01F-5F9D9F2C7777}.Release|Any CPU.ActiveCfg = Release|Any CPU
		{692BAA4C-2D0B-4315-A01F-5F9D9F2C7777}.Release|Any CPU.Build.0 = Release|Any CPU
		{692BAA4C-2D0B-4315-A01F-5F9D9F2C7777}.Release|Mixed Platforms.ActiveCfg = Release|Any CPU
		{692BAA4C-2D0B-4315-A01F-5F9D9F2C7777}.Release|Mixed Platforms.Build.0 = Release|Any CPU
		{692BAA4C-2D0B-4315-A01F-5F9D9F2C7777}.Release|x86.ActiveCfg = Release|Any CPU
		{69A17B3D-872A-4CB1-8E09-4336571452E0}.DbgClassroom|Any CPU.ActiveCfg = DbgClassroom|Any CPU
		{69A17B3D-872A-4CB1-8E09-4336571452E0}.DbgClassroom|Any CPU.Build.0 = DbgClassroom|Any CPU
		{69A17B3D-872A-4CB1-8E09-4336571452E0}.DbgClassroom|Mixed Platforms.ActiveCfg = DbgClassroom|Any CPU
		{69A17B3D-872A-4CB1-8E09-4336571452E0}.DbgClassroom|Mixed Platforms.Build.0 = DbgClassroom|Any CPU
		{69A17B3D-872A-4CB1-8E09-4336571452E0}.DbgClassroom|x86.ActiveCfg = DbgClassroom|Any CPU
		{69A17B3D-872A-4CB1-8E09-4336571452E0}.DbgClassroom|x86.Build.0 = DbgClassroom|Any CPU
		{69A17B3D-872A-4CB1-8E09-4336571452E0}.DbgCloud|Any CPU.ActiveCfg = DbgCloud|Any CPU
		{69A17B3D-872A-4CB1-8E09-4336571452E0}.DbgCloud|Any CPU.Build.0 = DbgCloud|Any CPU
		{69A17B3D-872A-4CB1-8E09-4336571452E0}.DbgCloud|Mixed Platforms.ActiveCfg = DbgCloud|Any CPU
		{69A17B3D-872A-4CB1-8E09-4336571452E0}.DbgCloud|Mixed Platforms.Build.0 = DbgCloud|Any CPU
		{69A17B3D-872A-4CB1-8E09-4336571452E0}.DbgCloud|x86.ActiveCfg = DbgCloud|Any CPU
		{69A17B3D-872A-4CB1-8E09-4336571452E0}.DbgCloud|x86.Build.0 = DbgCloud|Any CPU
		{69A17B3D-872A-4CB1-8E09-4336571452E0}.Debug|Any CPU.ActiveCfg = Debug|Any CPU
		{69A17B3D-872A-4CB1-8E09-4336571452E0}.Debug|Any CPU.Build.0 = Debug|Any CPU
		{69A17B3D-872A-4CB1-8E09-4336571452E0}.Debug|Mixed Platforms.ActiveCfg = Debug|Any CPU
		{69A17B3D-872A-4CB1-8E09-4336571452E0}.Debug|Mixed Platforms.Build.0 = Debug|Any CPU
		{69A17B3D-872A-4CB1-8E09-4336571452E0}.Debug|x86.ActiveCfg = Debug|Any CPU
		{69A17B3D-872A-4CB1-8E09-4336571452E0}.RelClassroom|Any CPU.ActiveCfg = RelClassroom|Any CPU
		{69A17B3D-872A-4CB1-8E09-4336571452E0}.RelClassroom|Any CPU.Build.0 = RelClassroom|Any CPU
		{69A17B3D-872A-4CB1-8E09-4336571452E0}.RelClassroom|Mixed Platforms.ActiveCfg = RelClassroom|Any CPU
		{69A17B3D-872A-4CB1-8E09-4336571452E0}.RelClassroom|Mixed Platforms.Build.0 = RelClassroom|Any CPU
		{69A17B3D-872A-4CB1-8E09-4336571452E0}.RelClassroom|x86.ActiveCfg = RelClassroom|Any CPU
		{69A17B3D-872A-4CB1-8E09-4336571452E0}.RelClassroom|x86.Build.0 = RelClassroom|Any CPU
		{69A17B3D-872A-4CB1-8E09-4336571452E0}.RelCloud|Any CPU.ActiveCfg = RelCloud|Any CPU
		{69A17B3D-872A-4CB1-8E09-4336571452E0}.RelCloud|Any CPU.Build.0 = RelCloud|Any CPU
		{69A17B3D-872A-4CB1-8E09-4336571452E0}.RelCloud|Mixed Platforms.ActiveCfg = RelCloud|Any CPU
		{69A17B3D-872A-4CB1-8E09-4336571452E0}.RelCloud|Mixed Platforms.Build.0 = RelCloud|Any CPU
		{69A17B3D-872A-4CB1-8E09-4336571452E0}.RelCloud|x86.ActiveCfg = RelCloud|Any CPU
		{69A17B3D-872A-4CB1-8E09-4336571452E0}.RelCloud|x86.Build.0 = RelCloud|Any CPU
		{69A17B3D-872A-4CB1-8E09-4336571452E0}.Release|Any CPU.ActiveCfg = Release|Any CPU
		{69A17B3D-872A-4CB1-8E09-4336571452E0}.Release|Any CPU.Build.0 = Release|Any CPU
		{69A17B3D-872A-4CB1-8E09-4336571452E0}.Release|Mixed Platforms.ActiveCfg = Release|Any CPU
		{69A17B3D-872A-4CB1-8E09-4336571452E0}.Release|Mixed Platforms.Build.0 = Release|Any CPU
		{69A17B3D-872A-4CB1-8E09-4336571452E0}.Release|x86.ActiveCfg = Release|Any CPU
		{DEF55A01-7471-45B0-81D3-A77EEC732F61}.DbgClassroom|Any CPU.ActiveCfg = DbgClassroom|Any CPU
		{DEF55A01-7471-45B0-81D3-A77EEC732F61}.DbgClassroom|Any CPU.Build.0 = DbgClassroom|Any CPU
		{DEF55A01-7471-45B0-81D3-A77EEC732F61}.DbgClassroom|Mixed Platforms.ActiveCfg = DbgClassroom|Any CPU
		{DEF55A01-7471-45B0-81D3-A77EEC732F61}.DbgClassroom|Mixed Platforms.Build.0 = DbgClassroom|Any CPU
		{DEF55A01-7471-45B0-81D3-A77EEC732F61}.DbgClassroom|x86.ActiveCfg = DbgClassroom|Any CPU
		{DEF55A01-7471-45B0-81D3-A77EEC732F61}.DbgClassroom|x86.Build.0 = DbgClassroom|Any CPU
		{DEF55A01-7471-45B0-81D3-A77EEC732F61}.DbgCloud|Any CPU.ActiveCfg = DbgCloud|Any CPU
		{DEF55A01-7471-45B0-81D3-A77EEC732F61}.DbgCloud|Any CPU.Build.0 = DbgCloud|Any CPU
		{DEF55A01-7471-45B0-81D3-A77EEC732F61}.DbgCloud|Mixed Platforms.ActiveCfg = DbgCloud|Any CPU
		{DEF55A01-7471-45B0-81D3-A77EEC732F61}.DbgCloud|Mixed Platforms.Build.0 = DbgCloud|Any CPU
		{DEF55A01-7471-45B0-81D3-A77EEC732F61}.DbgCloud|x86.ActiveCfg = DbgCloud|Any CPU
		{DEF55A01-7471-45B0-81D3-A77EEC732F61}.DbgCloud|x86.Build.0 = DbgCloud|Any CPU
		{DEF55A01-7471-45B0-81D3-A77EEC732F61}.Debug|Any CPU.ActiveCfg = Debug|Any CPU
		{DEF55A01-7471-45B0-81D3-A77EEC732F61}.Debug|Any CPU.Build.0 = Debug|Any CPU
		{DEF55A01-7471-45B0-81D3-A77EEC732F61}.Debug|Mixed Platforms.ActiveCfg = Debug|Any CPU
		{DEF55A01-7471-45B0-81D3-A77EEC732F61}.Debug|Mixed Platforms.Build.0 = Debug|Any CPU
		{DEF55A01-7471-45B0-81D3-A77EEC732F61}.Debug|x86.ActiveCfg = Debug|Any CPU
		{DEF55A01-7471-45B0-81D3-A77EEC732F61}.Debug|x86.Build.0 = Debug|Any CPU
		{DEF55A01-7471-45B0-81D3-A77EEC732F61}.RelClassroom|Any CPU.ActiveCfg = RelClassroom|Any CPU
		{DEF55A01-7471-45B0-81D3-A77EEC732F61}.RelClassroom|Any CPU.Build.0 = RelClassroom|Any CPU
		{DEF55A01-7471-45B0-81D3-A77EEC732F61}.RelClassroom|Mixed Platforms.ActiveCfg = RelClassroom|Any CPU
		{DEF55A01-7471-45B0-81D3-A77EEC732F61}.RelClassroom|Mixed Platforms.Build.0 = RelClassroom|Any CPU
		{DEF55A01-7471-45B0-81D3-A77EEC732F61}.RelClassroom|x86.ActiveCfg = RelClassroom|Any CPU
		{DEF55A01-7471-45B0-81D3-A77EEC732F61}.RelClassroom|x86.Build.0 = RelClassroom|Any CPU
		{DEF55A01-7471-45B0-81D3-A77EEC732F61}.RelCloud|Any CPU.ActiveCfg = RelCloud|Any CPU
		{DEF55A01-7471-45B0-81D3-A77EEC732F61}.RelCloud|Any CPU.Build.0 = RelCloud|Any CPU
		{DEF55A01-7471-45B0-81D3-A77EEC732F61}.RelCloud|Mixed Platforms.ActiveCfg = RelCloud|Any CPU
		{DEF55A01-7471-45B0-81D3-A77EEC732F61}.RelCloud|Mixed Platforms.Build.0 = RelCloud|Any CPU
		{DEF55A01-7471-45B0-81D3-A77EEC732F61}.RelCloud|x86.ActiveCfg = RelCloud|Any CPU
		{DEF55A01-7471-45B0-81D3-A77EEC732F61}.RelCloud|x86.Build.0 = RelCloud|Any CPU
		{DEF55A01-7471-45B0-81D3-A77EEC732F61}.Release|Any CPU.ActiveCfg = Release|Any CPU
		{DEF55A01-7471-45B0-81D3-A77EEC732F61}.Release|Any CPU.Build.0 = Release|Any CPU
		{DEF55A01-7471-45B0-81D3-A77EEC732F61}.Release|Mixed Platforms.ActiveCfg = Release|Any CPU
		{DEF55A01-7471-45B0-81D3-A77EEC732F61}.Release|Mixed Platforms.Build.0 = Release|Any CPU
		{DEF55A01-7471-45B0-81D3-A77EEC732F61}.Release|x86.ActiveCfg = Release|Any CPU
		{DEF55A01-7471-45B0-81D3-A77EEC732F61}.Release|x86.Build.0 = Release|Any CPU
		{41D4D8F1-594C-4123-AB11-834BA0617F5A}.DbgClassroom|Any CPU.ActiveCfg = DbgClassroom|Any CPU
		{41D4D8F1-594C-4123-AB11-834BA0617F5A}.DbgClassroom|Any CPU.Build.0 = DbgClassroom|Any CPU
		{41D4D8F1-594C-4123-AB11-834BA0617F5A}.DbgClassroom|Mixed Platforms.ActiveCfg = DbgClassroom|Any CPU
		{41D4D8F1-594C-4123-AB11-834BA0617F5A}.DbgClassroom|Mixed Platforms.Build.0 = DbgClassroom|Any CPU
		{41D4D8F1-594C-4123-AB11-834BA0617F5A}.DbgClassroom|x86.ActiveCfg = DbgClassroom|Any CPU
		{41D4D8F1-594C-4123-AB11-834BA0617F5A}.DbgClassroom|x86.Build.0 = DbgClassroom|Any CPU
		{41D4D8F1-594C-4123-AB11-834BA0617F5A}.DbgCloud|Any CPU.ActiveCfg = DbgCloud|Any CPU
		{41D4D8F1-594C-4123-AB11-834BA0617F5A}.DbgCloud|Any CPU.Build.0 = DbgCloud|Any CPU
		{41D4D8F1-594C-4123-AB11-834BA0617F5A}.DbgCloud|Mixed Platforms.ActiveCfg = DbgCloud|Any CPU
		{41D4D8F1-594C-4123-AB11-834BA0617F5A}.DbgCloud|Mixed Platforms.Build.0 = DbgCloud|Any CPU
		{41D4D8F1-594C-4123-AB11-834BA0617F5A}.DbgCloud|x86.ActiveCfg = DbgCloud|Any CPU
		{41D4D8F1-594C-4123-AB11-834BA0617F5A}.DbgCloud|x86.Build.0 = DbgCloud|Any CPU
		{41D4D8F1-594C-4123-AB11-834BA0617F5A}.Debug|Any CPU.ActiveCfg = Debug|Any CPU
		{41D4D8F1-594C-4123-AB11-834BA0617F5A}.Debug|Any CPU.Build.0 = Debug|Any CPU
		{41D4D8F1-594C-4123-AB11-834BA0617F5A}.Debug|Mixed Platforms.ActiveCfg = Debug|Any CPU
		{41D4D8F1-594C-4123-AB11-834BA0617F5A}.Debug|Mixed Platforms.Build.0 = Debug|Any CPU
		{41D4D8F1-594C-4123-AB11-834BA0617F5A}.Debug|x86.ActiveCfg = Debug|Any CPU
		{41D4D8F1-594C-4123-AB11-834BA0617F5A}.Debug|x86.Build.0 = Debug|Any CPU
		{41D4D8F1-594C-4123-AB11-834BA0617F5A}.RelClassroom|Any CPU.ActiveCfg = RelClassroom|Any CPU
		{41D4D8F1-594C-4123-AB11-834BA0617F5A}.RelClassroom|Any CPU.Build.0 = RelClassroom|Any CPU
		{41D4D8F1-594C-4123-AB11-834BA0617F5A}.RelClassroom|Mixed Platforms.ActiveCfg = RelClassroom|Any CPU
		{41D4D8F1-594C-4123-AB11-834BA0617F5A}.RelClassroom|Mixed Platforms.Build.0 = RelClassroom|Any CPU
		{41D4D8F1-594C-4123-AB11-834BA0617F5A}.RelClassroom|x86.ActiveCfg = RelClassroom|Any CPU
		{41D4D8F1-594C-4123-AB11-834BA0617F5A}.RelClassroom|x86.Build.0 = RelClassroom|Any CPU
		{41D4D8F1-594C-4123-AB11-834BA0617F5A}.RelCloud|Any CPU.ActiveCfg = RelCloud|Any CPU
		{41D4D8F1-594C-4123-AB11-834BA0617F5A}.RelCloud|Any CPU.Build.0 = RelCloud|Any CPU
		{41D4D8F1-594C-4123-AB11-834BA0617F5A}.RelCloud|Mixed Platforms.ActiveCfg = RelCloud|Any CPU
		{41D4D8F1-594C-4123-AB11-834BA0617F5A}.RelCloud|Mixed Platforms.Build.0 = RelCloud|Any CPU
		{41D4D8F1-594C-4123-AB11-834BA0617F5A}.RelCloud|x86.ActiveCfg = RelCloud|Any CPU
		{41D4D8F1-594C-4123-AB11-834BA0617F5A}.RelCloud|x86.Build.0 = RelCloud|Any CPU
		{41D4D8F1-594C-4123-AB11-834BA0617F5A}.Release|Any CPU.ActiveCfg = Release|Any CPU
		{41D4D8F1-594C-4123-AB11-834BA0617F5A}.Release|Any CPU.Build.0 = Release|Any CPU
		{41D4D8F1-594C-4123-AB11-834BA0617F5A}.Release|Mixed Platforms.ActiveCfg = Release|Any CPU
		{41D4D8F1-594C-4123-AB11-834BA0617F5A}.Release|Mixed Platforms.Build.0 = Release|Any CPU
		{41D4D8F1-594C-4123-AB11-834BA0617F5A}.Release|x86.ActiveCfg = Release|Any CPU
		{41D4D8F1-594C-4123-AB11-834BA0617F5A}.Release|x86.Build.0 = Release|Any CPU
	EndGlobalSection
	GlobalSection(SolutionProperties) = preSolution
		HideSolutionNode = FALSE
	EndGlobalSection
	GlobalSection(NestedProjects) = preSolution
		{C97C94B1-D15D-43C0-8F31-ECE46427BFAB} = {25057855-BB4B-4033-862D-1AC6DFD5547B}
		{654A8AE7-E92F-4C6E-B333-53ED9D4C82D8} = {486FFAE6-69E5-48D6-A464-8105F3F75D07}
		{550FB131-D854-4431-8901-4A6F9CABEDF0} = {486FFAE6-69E5-48D6-A464-8105F3F75D07}
		{86FDF73E-9063-41E1-ABC0-44426E670E28} = {486FFAE6-69E5-48D6-A464-8105F3F75D07}
		{82F5725D-CCF9-4501-A0C5-9EA6725FAF00} = {25057855-BB4B-4033-862D-1AC6DFD5547B}
		{4042A435-4DE7-471F-877F-7C6F2F3D9C5C} = {53D999DC-318F-4405-B792-2BD0CBEF1082}
		{25057855-BB4B-4033-862D-1AC6DFD5547B} = {F1ADC331-FEF4-4048-8210-F710E348C043}
		{7D7E20EA-8A4B-4CA2-A88A-7CA9DCFA0A23} = {25057855-BB4B-4033-862D-1AC6DFD5547B}
		{19EDD3B5-E003-4076-BF35-2157A3E5BCD0} = {7D7E20EA-8A4B-4CA2-A88A-7CA9DCFA0A23}
		{C74AF6C4-2DF1-4364-85D6-F89D7BE72218} = {7D7E20EA-8A4B-4CA2-A88A-7CA9DCFA0A23}
		{42237208-6E42-42C9-8068-208D0EA4669C} = {C74AF6C4-2DF1-4364-85D6-F89D7BE72218}
		{BF59F43D-8F8F-4410-8DA5-BF99592DB4C0} = {53D999DC-318F-4405-B792-2BD0CBEF1082}
		{816AD1FC-37D0-48FB-A111-F65726973D5A} = {7D7E20EA-8A4B-4CA2-A88A-7CA9DCFA0A23}
		{650622E8-FAC8-4A78-94B5-474390159EF2} = {7D7E20EA-8A4B-4CA2-A88A-7CA9DCFA0A23}
		{692BAA4C-2D0B-4315-A01F-5F9D9F2C7777} = {7D7E20EA-8A4B-4CA2-A88A-7CA9DCFA0A23}
		{69A17B3D-872A-4CB1-8E09-4336571452E0} = {7D7E20EA-8A4B-4CA2-A88A-7CA9DCFA0A23}
		{911C0C33-CFF3-4257-93A3-455C8196AFF4} = {F1ADC331-FEF4-4048-8210-F710E348C043}
		{DEF55A01-7471-45B0-81D3-A77EEC732F61} = {C74AF6C4-2DF1-4364-85D6-F89D7BE72218}
		{41D4D8F1-594C-4123-AB11-834BA0617F5A} = {C74AF6C4-2DF1-4364-85D6-F89D7BE72218}
	EndGlobalSection
EndGlobal
